
Microsoft Visual Studio Solution File, Format Version 12.00
# Visual Studio 15
VisualStudioVersion = 15.0.27130.0
MinimumVisualStudioVersion = 10.0.40219.1
Project("{9A19103F-16F7-4668-BE54-9A1E7A4F7556}") = "SimpleSoft.AspNetCore.FacebookGraphApi", "src\SimpleSoft.AspNetCore.FacebookGraphApi.csproj", "{A7CF5245-26C3-48CA-88DE-1F3124364E79}"
EndProject
Project("{FAE04EC0-301F-11D3-BF4B-00C04F79EFBC}") = "SimpleSoft.AspNetCore.FacebookGraphApi.Tests", "tests\SimpleSoft.AspNetCore.FacebookGraphApi.Tests\SimpleSoft.AspNetCore.FacebookGraphApi.Tests.csproj", "{966734A2-E232-4903-95E1-353C2998B80E}"
EndProject
Global
	GlobalSection(SolutionConfigurationPlatforms) = preSolution
		Debug|Any CPU = Debug|Any CPU
		Release|Any CPU = Release|Any CPU
	EndGlobalSection
	GlobalSection(ProjectConfigurationPlatforms) = postSolution
		{A7CF5245-26C3-48CA-88DE-1F3124364E79}.Debug|Any CPU.ActiveCfg = Debug|Any CPU
		{A7CF5245-26C3-48CA-88DE-1F3124364E79}.Debug|Any CPU.Build.0 = Debug|Any CPU
		{A7CF5245-26C3-48CA-88DE-1F3124364E79}.Release|Any CPU.ActiveCfg = Release|Any CPU
		{A7CF5245-26C3-48CA-88DE-1F3124364E79}.Release|Any CPU.Build.0 = Release|Any CPU
		{966734A2-E232-4903-95E1-353C2998B80E}.Debug|Any CPU.ActiveCfg = Debug|Any CPU
		{966734A2-E232-4903-95E1-353C2998B80E}.Debug|Any CPU.Build.0 = Debug|Any CPU
		{966734A2-E232-4903-95E1-353C2998B80E}.Release|Any CPU.ActiveCfg = Release|Any CPU
		{966734A2-E232-4903-95E1-353C2998B80E}.Release|Any CPU.Build.0 = Release|Any CPU
	EndGlobalSection
	GlobalSection(SolutionProperties) = preSolution
		HideSolutionNode = FALSE
	EndGlobalSection
	GlobalSection(ExtensibilityGlobals) = postSolution
		SolutionGuid = {13B0B081-6654-44A6-B068-3512DD201794}
	EndGlobalSection
EndGlobal
